// !$*UTF8*$!
{
	archiveVersion = 1;
	classes = {
	};
	objectVersion = 46;
	objects = {

/* Begin PBXBuildFile section */
		3550F7751D94FFF000B01C52 /* AppDelegate.swift in Sources */ = {isa = PBXBuildFile; fileRef = 3550F7741D94FFF000B01C52 /* AppDelegate.swift */; };
		3550F7771D94FFF000B01C52 /* ViewController.swift in Sources */ = {isa = PBXBuildFile; fileRef = 3550F7761D94FFF000B01C52 /* ViewController.swift */; };
		3550F77A1D94FFF000B01C52 /* Main.storyboard in Resources */ = {isa = PBXBuildFile; fileRef = 3550F7781D94FFF000B01C52 /* Main.storyboard */; };
		3550F77C1D94FFF000B01C52 /* Assets.xcassets in Resources */ = {isa = PBXBuildFile; fileRef = 3550F77B1D94FFF000B01C52 /* Assets.xcassets */; };
		3550F77F1D94FFF000B01C52 /* LaunchScreen.storyboard in Resources */ = {isa = PBXBuildFile; fileRef = 3550F77D1D94FFF000B01C52 /* LaunchScreen.storyboard */; };
		3550F78A1D94FFF000B01C52 /* SimpleListViewTests.swift in Sources */ = {isa = PBXBuildFile; fileRef = 3550F7891D94FFF000B01C52 /* SimpleListViewTests.swift */; };
		3550F7951D95012D00B01C52 /* MobileTestTableViewCell.swift in Sources */ = {isa = PBXBuildFile; fileRef = 3550F7941D95012D00B01C52 /* MobileTestTableViewCell.swift */; };
		3550F7971D95028A00B01C52 /* OsTableViewController.swift in Sources */ = {isa = PBXBuildFile; fileRef = 3550F7961D95028A00B01C52 /* OsTableViewController.swift */; };
		3550F7991D9509A400B01C52 /* OS.swift in Sources */ = {isa = PBXBuildFile; fileRef = 3550F7981D9509A400B01C52 /* OS.swift */; };
		3550F79A1D9509A400B01C52 /* OS.swift in Sources */ = {isa = PBXBuildFile; fileRef = 3550F7981D9509A400B01C52 /* OS.swift */; };
/* End PBXBuildFile section */

/* Begin PBXContainerItemProxy section */
		3550F7861D94FFF000B01C52 /* PBXContainerItemProxy */ = {
			isa = PBXContainerItemProxy;
			containerPortal = 3550F7691D94FFF000B01C52 /* Project object */;
			proxyType = 1;
			remoteGlobalIDString = 3550F7701D94FFF000B01C52;
			remoteInfo = SimpleListView;
		};
/* End PBXContainerItemProxy section */

/* Begin PBXFileReference section */
		3550F7711D94FFF000B01C52 /* SimpleListView.app */ = {isa = PBXFileReference; explicitFileType = wrapper.application; includeInIndex = 0; path = SimpleListView.app; sourceTree = BUILT_PRODUCTS_DIR; };
		3550F7741D94FFF000B01C52 /* AppDelegate.swift */ = {isa = PBXFileReference; lastKnownFileType = sourcecode.swift; path = AppDelegate.swift; sourceTree = "<group>"; };
		3550F7761D94FFF000B01C52 /* ViewController.swift */ = {isa = PBXFileReference; lastKnownFileType = sourcecode.swift; path = ViewController.swift; sourceTree = "<group>"; };
		3550F7791D94FFF000B01C52 /* Base */ = {isa = PBXFileReference; lastKnownFileType = file.storyboard; name = Base; path = Base.lproj/Main.storyboard; sourceTree = "<group>"; };
		3550F77B1D94FFF000B01C52 /* Assets.xcassets */ = {isa = PBXFileReference; lastKnownFileType = folder.assetcatalog; path = Assets.xcassets; sourceTree = "<group>"; };
		3550F77E1D94FFF000B01C52 /* Base */ = {isa = PBXFileReference; lastKnownFileType = file.storyboard; name = Base; path = Base.lproj/LaunchScreen.storyboard; sourceTree = "<group>"; };
		3550F7801D94FFF000B01C52 /* Info.plist */ = {isa = PBXFileReference; lastKnownFileType = text.plist.xml; path = Info.plist; sourceTree = "<group>"; };
		3550F7851D94FFF000B01C52 /* SimpleListViewTests.xctest */ = {isa = PBXFileReference; explicitFileType = wrapper.cfbundle; includeInIndex = 0; path = SimpleListViewTests.xctest; sourceTree = BUILT_PRODUCTS_DIR; };
		3550F7891D94FFF000B01C52 /* SimpleListViewTests.swift */ = {isa = PBXFileReference; lastKnownFileType = sourcecode.swift; path = SimpleListViewTests.swift; sourceTree = "<group>"; };
		3550F78B1D94FFF000B01C52 /* Info.plist */ = {isa = PBXFileReference; lastKnownFileType = text.plist.xml; path = Info.plist; sourceTree = "<group>"; };
		3550F7941D95012D00B01C52 /* MobileTestTableViewCell.swift */ = {isa = PBXFileReference; fileEncoding = 4; lastKnownFileType = sourcecode.swift; path = MobileTestTableViewCell.swift; sourceTree = "<group>"; };
		3550F7961D95028A00B01C52 /* OsTableViewController.swift */ = {isa = PBXFileReference; fileEncoding = 4; lastKnownFileType = sourcecode.swift; path = OsTableViewController.swift; sourceTree = "<group>"; };
		3550F7981D9509A400B01C52 /* OS.swift */ = {isa = PBXFileReference; fileEncoding = 4; lastKnownFileType = sourcecode.swift; path = OS.swift; sourceTree = "<group>"; };
/* End PBXFileReference section */

/* Begin PBXFrameworksBuildPhase section */
		3550F76E1D94FFF000B01C52 /* Frameworks */ = {
			isa = PBXFrameworksBuildPhase;
			buildActionMask = 2147483647;
			files = (
			);
			runOnlyForDeploymentPostprocessing = 0;
		};
		3550F7821D94FFF000B01C52 /* Frameworks */ = {
			isa = PBXFrameworksBuildPhase;
			buildActionMask = 2147483647;
			files = (
			);
			runOnlyForDeploymentPostprocessing = 0;
		};
/* End PBXFrameworksBuildPhase section */

/* Begin PBXGroup section */
		3550F7681D94FFF000B01C52 = {
			isa = PBXGroup;
			children = (
				3550F7731D94FFF000B01C52 /* SimpleListView */,
				3550F7881D94FFF000B01C52 /* SimpleListViewTests */,
				3550F7721D94FFF000B01C52 /* Products */,
			);
			sourceTree = "<group>";
		};
		3550F7721D94FFF000B01C52 /* Products */ = {
			isa = PBXGroup;
			children = (
				3550F7711D94FFF000B01C52 /* SimpleListView.app */,
				3550F7851D94FFF000B01C52 /* SimpleListViewTests.xctest */,
			);
			name = Products;
			sourceTree = "<group>";
		};
		3550F7731D94FFF000B01C52 /* SimpleListView */ = {
			isa = PBXGroup;
			children = (
				3550F7741D94FFF000B01C52 /* AppDelegate.swift */,
				3550F7761D94FFF000B01C52 /* ViewController.swift */,
				3550F7781D94FFF000B01C52 /* Main.storyboard */,
				3550F77B1D94FFF000B01C52 /* Assets.xcassets */,
				3550F77D1D94FFF000B01C52 /* LaunchScreen.storyboard */,
				3550F7801D94FFF000B01C52 /* Info.plist */,
				3550F7941D95012D00B01C52 /* MobileTestTableViewCell.swift */,
				3550F7961D95028A00B01C52 /* OsTableViewController.swift */,
				3550F7981D9509A400B01C52 /* OS.swift */,
			);
			path = SimpleListView;
			sourceTree = "<group>";
		};
		3550F7881D94FFF000B01C52 /* SimpleListViewTests */ = {
			isa = PBXGroup;
			children = (
				3550F7891D94FFF000B01C52 /* SimpleListViewTests.swift */,
				3550F78B1D94FFF000B01C52 /* Info.plist */,
			);
			path = SimpleListViewTests;
			sourceTree = "<group>";
		};
/* End PBXGroup section */

/* Begin PBXNativeTarget section */
		3550F7701D94FFF000B01C52 /* SimpleListView */ = {
			isa = PBXNativeTarget;
			buildConfigurationList = 3550F78E1D94FFF000B01C52 /* Build configuration list for PBXNativeTarget "SimpleListView" */;
			buildPhases = (
				3550F76D1D94FFF000B01C52 /* Sources */,
				3550F76E1D94FFF000B01C52 /* Frameworks */,
				3550F76F1D94FFF000B01C52 /* Resources */,
			);
			buildRules = (
			);
			dependencies = (
			);
			name = SimpleListView;
			productName = SimpleListView;
			productReference = 3550F7711D94FFF000B01C52 /* SimpleListView.app */;
			productType = "com.apple.product-type.application";
		};
		3550F7841D94FFF000B01C52 /* SimpleListViewTests */ = {
			isa = PBXNativeTarget;
			buildConfigurationList = 3550F7911D94FFF000B01C52 /* Build configuration list for PBXNativeTarget "SimpleListViewTests" */;
			buildPhases = (
				3550F7811D94FFF000B01C52 /* Sources */,
				3550F7821D94FFF000B01C52 /* Frameworks */,
				3550F7831D94FFF000B01C52 /* Resources */,
			);
			buildRules = (
			);
			dependencies = (
				3550F7871D94FFF000B01C52 /* PBXTargetDependency */,
			);
			name = SimpleListViewTests;
			productName = SimpleListViewTests;
			productReference = 3550F7851D94FFF000B01C52 /* SimpleListViewTests.xctest */;
			productType = "com.apple.product-type.bundle.unit-test";
		};
/* End PBXNativeTarget section */

/* Begin PBXProject section */
		3550F7691D94FFF000B01C52 /* Project object */ = {
			isa = PBXProject;
			attributes = {
				LastSwiftUpdateCheck = 0730;
				LastUpgradeCheck = 0730;
				ORGANIZATIONNAME = "Sedin Technologies";
				TargetAttributes = {
					3550F7701D94FFF000B01C52 = {
						CreatedOnToolsVersion = 7.3;
					};
					3550F7841D94FFF000B01C52 = {
						CreatedOnToolsVersion = 7.3;
						TestTargetID = 3550F7701D94FFF000B01C52;
					};
				};
			};
			buildConfigurationList = 3550F76C1D94FFF000B01C52 /* Build configuration list for PBXProject "SimpleListView" */;
			compatibilityVersion = "Xcode 3.2";
			developmentRegion = English;
			hasScannedForEncodings = 0;
			knownRegions = (
				en,
				Base,
			);
			mainGroup = 3550F7681D94FFF000B01C52;
			productRefGroup = 3550F7721D94FFF000B01C52 /* Products */;
			projectDirPath = "";
			projectRoot = "";
			targets = (
				3550F7701D94FFF000B01C52 /* SimpleListView */,
				3550F7841D94FFF000B01C52 /* SimpleListViewTests */,
			);
		};
/* End PBXProject section */

/* Begin PBXResourcesBuildPhase section */
		3550F76F1D94FFF000B01C52 /* Resources */ = {
			isa = PBXResourcesBuildPhase;
			buildActionMask = 2147483647;
			files = (
				3550F77F1D94FFF000B01C52 /* LaunchScreen.storyboard in Resources */,
				3550F77C1D94FFF000B01C52 /* Assets.xcassets in Resources */,
				3550F77A1D94FFF000B01C52 /* Main.storyboard in Resources */,
			);
			runOnlyForDeploymentPostprocessing = 0;
		};
		3550F7831D94FFF000B01C52 /* Resources */ = {
			isa = PBXResourcesBuildPhase;
			buildActionMask = 2147483647;
			files = (
			);
			runOnlyForDeploymentPostprocessing = 0;
		};
/* End PBXResourcesBuildPhase section */

/* Begin PBXSourcesBuildPhase section */
		3550F76D1D94FFF000B01C52 /* Sources */ = {
			isa = PBXSourcesBuildPhase;
			buildActionMask = 2147483647;
			files = (
				3550F7951D95012D00B01C52 /* MobileTestTableViewCell.swift in Sources */,
				3550F7771D94FFF000B01C52 /* ViewController.swift in Sources */,
				3550F7751D94FFF000B01C52 /* AppDelegate.swift in Sources */,
				3550F7991D9509A400B01C52 /* OS.swift in Sources */,
				3550F7971D95028A00B01C52 /* OsTableViewController.swift in Sources */,
			);
			runOnlyForDeploymentPostprocessing = 0;
		};
		3550F7811D94FFF000B01C52 /* Sources */ = {
			isa = PBXSourcesBuildPhase;
			buildActionMask = 2147483647;
			files = (
				3550F78A1D94FFF000B01C52 /* SimpleListViewTests.swift in Sources */,
				3550F79A1D9509A400B01C52 /* OS.swift in Sources */,
			);
			runOnlyForDeploymentPostprocessing = 0;
		};
/* End PBXSourcesBuildPhase section */

/* Begin PBXTargetDependency section */
		3550F7871D94FFF000B01C52 /* PBXTargetDependency */ = {
			isa = PBXTargetDependency;
			target = 3550F7701D94FFF000B01C52 /* SimpleListView */;
			targetProxy = 3550F7861D94FFF000B01C52 /* PBXContainerItemProxy */;
		};
/* End PBXTargetDependency section */

/* Begin PBXVariantGroup section */
		3550F7781D94FFF000B01C52 /* Main.storyboard */ = {
			isa = PBXVariantGroup;
			children = (
				3550F7791D94FFF000B01C52 /* Base */,
			);
			name = Main.storyboard;
			sourceTree = "<group>";
		};
		3550F77D1D94FFF000B01C52 /* LaunchScreen.storyboard */ = {
			isa = PBXVariantGroup;
			children = (
				3550F77E1D94FFF000B01C52 /* Base */,
			);
			name = LaunchScreen.storyboard;
			sourceTree = "<group>";
		};
/* End PBXVariantGroup section */

/* Begin XCBuildConfiguration section */
		3550F78C1D94FFF000B01C52 /* Debug */ = {
			isa = XCBuildConfiguration;
			buildSettings = {
				ALWAYS_SEARCH_USER_PATHS = NO;
				CLANG_ANALYZER_NONNULL = YES;
				CLANG_CXX_LANGUAGE_STANDARD = "gnu++0x";
				CLANG_CXX_LIBRARY = "libc++";
				CLANG_ENABLE_MODULES = YES;
				CLANG_ENABLE_OBJC_ARC = YES;
				CLANG_WARN_BOOL_CONVERSION = YES;
				CLANG_WARN_CONSTANT_CONVERSION = YES;
				CLANG_WARN_DIRECT_OBJC_ISA_USAGE = YES_ERROR;
				CLANG_WARN_EMPTY_BODY = YES;
				CLANG_WARN_ENUM_CONVERSION = YES;
				CLANG_WARN_INT_CONVERSION = YES;
				CLANG_WARN_OBJC_ROOT_CLASS = YES_ERROR;
				CLANG_WARN_UNREACHABLE_CODE = YES;
				CLANG_WARN__DUPLICATE_METHOD_MATCH = YES;
				"CODE_SIGN_IDENTITY[sdk=iphoneos*]" = "iPhone Developer";
				COPY_PHASE_STRIP = NO;
				DEBUG_INFORMATION_FORMAT = dwarf;
				ENABLE_STRICT_OBJC_MSGSEND = YES;
				ENABLE_TESTABILITY = YES;
				GCC_C_LANGUAGE_STANDARD = gnu99;
				GCC_DYNAMIC_NO_PIC = NO;
				GCC_NO_COMMON_BLOCKS = YES;
				GCC_OPTIMIZATION_LEVEL = 0;
				GCC_PREPROCESSOR_DEFINITIONS = (
					"DEBUG=1",
					"$(inherited)",
				);
				GCC_WARN_64_TO_32_BIT_CONVERSION = YES;
				GCC_WARN_ABOUT_RETURN_TYPE = YES_ERROR;
				GCC_WARN_UNDECLARED_SELECTOR = YES;
				GCC_WARN_UNINITIALIZED_AUTOS = YES_AGGRESSIVE;
				GCC_WARN_UNUSED_FUNCTION = YES;
				GCC_WARN_UNUSED_VARIABLE = YES;
				IPHONEOS_DEPLOYMENT_TARGET = 9.3;
				MTL_ENABLE_DEBUG_INFO = YES;
				ONLY_ACTIVE_ARCH = YES;
				SDKROOT = iphoneos;
				SWIFT_OPTIMIZATION_LEVEL = "-Onone";
				TARGETED_DEVICE_FAMILY = "1,2";
			};
			name = Debug;
		};
		3550F78D1D94FFF000B01C52 /* Release */ = {
			isa = XCBuildConfiguration;
			buildSettings = {
				ALWAYS_SEARCH_USER_PATHS = NO;
				CLANG_ANALYZER_NONNULL = YES;
				CLANG_CXX_LANGUAGE_STANDARD = "gnu++0x";
				CLANG_CXX_LIBRARY = "libc++";
				CLANG_ENABLE_MODULES = YES;
				CLANG_ENABLE_OBJC_ARC = YES;
				CLANG_WARN_BOOL_CONVERSION = YES;
				CLANG_WARN_CONSTANT_CONVERSION = YES;
				CLANG_WARN_DIRECT_OBJC_ISA_USAGE = YES_ERROR;
				CLANG_WARN_EMPTY_BODY = YES;
				CLANG_WARN_ENUM_CONVERSION = YES;
				CLANG_WARN_INT_CONVERSION = YES;
				CLANG_WARN_OBJC_ROOT_CLASS = YES_ERROR;
				CLANG_WARN_UNREACHABLE_CODE = YES;
				CLANG_WARN__DUPLICATE_METHOD_MATCH = YES;
				"CODE_SIGN_IDENTITY[sdk=iphoneos*]" = "iPhone Developer";
				COPY_PHASE_STRIP = NO;
				DEBUG_INFORMATION_FORMAT = "dwarf-with-dsym";
				ENABLE_NS_ASSERTIONS = NO;
				ENABLE_STRICT_OBJC_MSGSEND = YES;
				GCC_C_LANGUAGE_STANDARD = gnu99;
				GCC_NO_COMMON_BLOCKS = YES;
				GCC_WARN_64_TO_32_BIT_CONVERSION = YES;
				GCC_WARN_ABOUT_RETURN_TYPE = YES_ERROR;
				GCC_WARN_UNDECLARED_SELECTOR = YES;
				GCC_WARN_UNINITIALIZED_AUTOS = YES_AGGRESSIVE;
				GCC_WARN_UNUSED_FUNCTION = YES;
				GCC_WARN_UNUSED_VARIABLE = YES;
				IPHONEOS_DEPLOYMENT_TARGET = 9.3;
				MTL_ENABLE_DEBUG_INFO = NO;
				SDKROOT = iphoneos;
				TARGETED_DEVICE_FAMILY = "1,2";
				VALIDATE_PRODUCT = YES;
			};
			name = Release;
		};
		3550F78F1D94FFF000B01C52 /* Debug */ = {
			isa = XCBuildConfiguration;
			buildSettings = {
				ASSETCATALOG_COMPILER_APPICON_NAME = AppIcon;
				INFOPLIST_FILE = SimpleListView/Info.plist;
				LD_RUNPATH_SEARCH_PATHS = "$(inherited) @executable_path/Frameworks";
				PRODUCT_BUNDLE_IDENTIFIER = sedintechnologies.SimpleListView;
				PRODUCT_NAME = "$(TARGET_NAME)";
			};
			name = Debug;
		};
		3550F7901D94FFF000B01C52 /* Release */ = {
			isa = XCBuildConfiguration;
			buildSettings = {
				ASSETCATALOG_COMPILER_APPICON_NAME = AppIcon;
				INFOPLIST_FILE = SimpleListView/Info.plist;
				LD_RUNPATH_SEARCH_PATHS = "$(inherited) @executable_path/Frameworks";
				PRODUCT_BUNDLE_IDENTIFIER = sedintechnologies.SimpleListView;
				PRODUCT_NAME = "$(TARGET_NAME)";
			};
			name = Release;
		};
		3550F7921D94FFF000B01C52 /* Debug */ = {
			isa = XCBuildConfiguration;
			buildSettings = {
				BUNDLE_LOADER = "$(TEST_HOST)";
				INFOPLIST_FILE = SimpleListViewTests/Info.plist;
				LD_RUNPATH_SEARCH_PATHS = "$(inherited) @executable_path/Frameworks @loader_path/Frameworks";
				PRODUCT_BUNDLE_IDENTIFIER = sedintechnologies.SimpleListViewTests;
				PRODUCT_NAME = "$(TARGET_NAME)";
				TEST_HOST = "$(BUILT_PRODUCTS_DIR)/SimpleListView.app/SimpleListView";
			};
			name = Debug;
		};
		3550F7931D94FFF000B01C52 /* Release */ = {
			isa = XCBuildConfiguration;
			buildSettings = {
				BUNDLE_LOADER = "$(TEST_HOST)";
				INFOPLIST_FILE = SimpleListViewTests/Info.plist;
				LD_RUNPATH_SEARCH_PATHS = "$(inherited) @executable_path/Frameworks @loader_path/Frameworks";
				PRODUCT_BUNDLE_IDENTIFIER = sedintechnologies.SimpleListViewTests;
				PRODUCT_NAME = "$(TARGET_NAME)";
				TEST_HOST = "$(BUILT_PRODUCTS_DIR)/SimpleListView.app/SimpleListView";
			};
			name = Release;
		};
/* End XCBuildConfiguration section */

/* Begin XCConfigurationList section */
		3550F76C1D94FFF000B01C52 /* Build configuration list for PBXProject "SimpleListView" */ = {
			isa = XCConfigurationList;
			buildConfigurations = (
				3550F78C1D94FFF000B01C52 /* Debug */,
				3550F78D1D94FFF000B01C52 /* Release */,
			);
			defaultConfigurationIsVisible = 0;
			defaultConfigurationName = Release;
		};
		3550F78E1D94FFF000B01C52 /* Build configuration list for PBXNativeTarget "SimpleListView" */ = {
			isa = XCConfigurationList;
			buildConfigurations = (
				3550F78F1D94FFF000B01C52 /* Debug */,
				3550F7901D94FFF000B01C52 /* Release */,
			);
			defaultConfigurationIsVisible = 0;
		};
		3550F7911D94FFF000B01C52 /* Build configuration list for PBXNativeTarget "SimpleListViewTests" */ = {
			isa = XCConfigurationList;
			buildConfigurations = (
				3550F7921D94FFF000B01C52 /* Debug */,
				3550F7931D94FFF000B01C52 /* Release */,
			);
			defaultConfigurationIsVisible = 0;
		};
/* End XCConfigurationList section */
	};
	rootObject = 3550F7691D94FFF000B01C52 /* Project object */;
}
